
Microsoft Visual Studio Solution File, Format Version 12.00
# Visual Studio Version 17
VisualStudioVersion = 17.8.34525.116
MinimumVisualStudioVersion = 10.0.40219.1
Project("{FAE04EC0-301F-11D3-BF4B-00C04F79EFBC}") = "PondSemulator", "PondSemulator\PondSemulator.csproj", "{D1D8611F-CEF4-4C7B-B9E7-D1DC5FC87895}"
EndProject
Global
	GlobalSection(SolutionConfigurationPlatforms) = preSolution
		Debug|Any CPU = Debug|Any CPU
		Release|Any CPU = Release|Any CPU
	EndGlobalSection
	GlobalSection(ProjectConfigurationPlatforms) = postSolution
		{D1D8611F-CEF4-4C7B-B9E7-D1DC5FC87895}.Debug|Any CPU.ActiveCfg = Debug|Any CPU
		{D1D8611F-CEF4-4C7B-B9E7-D1DC5FC87895}.Debug|Any CPU.Build.0 = Debug|Any CPU
		{D1D8611F-CEF4-4C7B-B9E7-D1DC5FC87895}.Release|Any CPU.ActiveCfg = Release|Any CPU
		{D1D8611F-CEF4-4C7B-B9E7-D1DC5FC87895}.Release|Any CPU.Build.0 = Release|Any CPU
	EndGlobalSection
	GlobalSection(SolutionProperties) = preSolution
		HideSolutionNode = FALSE
	EndGlobalSection
	GlobalSection(ExtensibilityGlobals) = postSolution
		SolutionGuid = {7A6293FF-617E-4972-80F2-D12DA10E6912}
	EndGlobalSection
EndGlobal
